
Microsoft Visual Studio Solution File, Format Version 12.00
# Visual Studio 15
VisualStudioVersion = 15.0.28010.2046
MinimumVisualStudioVersion = 10.0.40219.1
Project("{8BC9CEB8-8B4A-11D0-8D11-00A0C91BC942}") = "12 string", "12 string\12 string.vcxproj", "{56D75815-0F39-4ADA-8823-5C26DF760B63}"
EndProject
Project("{8BC9CEB8-8B4A-11D0-8D11-00A0C91BC942}") = "01 C++", "01 C++\01 C++.vcxproj", "{4F9A762E-A0D5-4874-AD40-4C0410C6D929}"
EndProject
Project("{8BC9CEB8-8B4A-11D0-8D11-00A0C91BC942}") = "05 STL introduction", "05 STL introduction\05 STL introduction.vcxproj", "{A068AF1A-D483-4DBF-8D8A-F1E360F86E2D}"
EndProject
Project("{8BC9CEB8-8B4A-11D0-8D11-00A0C91BC942}") = "99 Utils", "99 Utils\99 Utils.vcxproj", "{9AB293FE-2C2E-4FC2-98BB-D36E9D19FE74}"
EndProject
Project("{8BC9CEB8-8B4A-11D0-8D11-00A0C91BC942}") = "06 Sequence Container", "06 Sequence Container\06 Sequence Container.vcxproj", "{627834DC-9251-43BD-8AD6-28AA948636EC}"
EndProject
Project("{8BC9CEB8-8B4A-11D0-8D11-00A0C91BC942}") = "07 Associative Container", "07 Associative Container\07 Associative Container.vcxproj", "{22FB7060-AC48-4FE0-A429-10A97B1D8B2A}"
EndProject
Project("{8BC9CEB8-8B4A-11D0-8D11-00A0C91BC942}") = "08 Algorithms", "08 Algorithms\08 Algorithms.vcxproj", "{F7DC5A01-A55D-4C1C-875C-2F9FFA5F3DEF}"
EndProject
Project("{8BC9CEB8-8B4A-11D0-8D11-00A0C91BC942}") = "09 Function Object", "09 Function Object\09 Function Object.vcxproj", "{8D46D4ED-00A4-4555-94E4-AC8F03D0C22C}"
EndProject
Project("{8BC9CEB8-8B4A-11D0-8D11-00A0C91BC942}") = "10 Iterator", "10 Iterator\10 Iterator.vcxproj", "{78E46816-9F2B-4B2B-A41F-4023595C5375}"
EndProject
Project("{8BC9CEB8-8B4A-11D0-8D11-00A0C91BC942}") = "11 Container Adopter", "11 Container Adopter\11 Container Adopter.vcxproj", "{B5423B7D-4E2D-4406-AFC7-B16C82CA6623}"
EndProject
Global
	GlobalSection(SolutionConfigurationPlatforms) = preSolution
		Debug|x64 = Debug|x64
		Debug|x86 = Debug|x86
		Release|x64 = Release|x64
		Release|x86 = Release|x86
	EndGlobalSection
	GlobalSection(ProjectConfigurationPlatforms) = postSolution
		{56D75815-0F39-4ADA-8823-5C26DF760B63}.Debug|x64.ActiveCfg = Debug|x64
		{56D75815-0F39-4ADA-8823-5C26DF760B63}.Debug|x64.Build.0 = Debug|x64
		{56D75815-0F39-4ADA-8823-5C26DF760B63}.Debug|x86.ActiveCfg = Debug|Win32
		{56D75815-0F39-4ADA-8823-5C26DF760B63}.Debug|x86.Build.0 = Debug|Win32
		{56D75815-0F39-4ADA-8823-5C26DF760B63}.Release|x64.ActiveCfg = Release|x64
		{56D75815-0F39-4ADA-8823-5C26DF760B63}.Release|x64.Build.0 = Release|x64
		{56D75815-0F39-4ADA-8823-5C26DF760B63}.Release|x86.ActiveCfg = Release|Win32
		{56D75815-0F39-4ADA-8823-5C26DF760B63}.Release|x86.Build.0 = Release|Win32
		{4F9A762E-A0D5-4874-AD40-4C0410C6D929}.Debug|x64.ActiveCfg = Debug|x64
		{4F9A762E-A0D5-4874-AD40-4C0410C6D929}.Debug|x64.Build.0 = Debug|x64
		{4F9A762E-A0D5-4874-AD40-4C0410C6D929}.Debug|x86.ActiveCfg = Debug|Win32
		{4F9A762E-A0D5-4874-AD40-4C0410C6D929}.Debug|x86.Build.0 = Debug|Win32
		{4F9A762E-A0D5-4874-AD40-4C0410C6D929}.Release|x64.ActiveCfg = Release|x64
		{4F9A762E-A0D5-4874-AD40-4C0410C6D929}.Release|x64.Build.0 = Release|x64
		{4F9A762E-A0D5-4874-AD40-4C0410C6D929}.Release|x86.ActiveCfg = Release|Win32
		{4F9A762E-A0D5-4874-AD40-4C0410C6D929}.Release|x86.Build.0 = Release|Win32
		{A068AF1A-D483-4DBF-8D8A-F1E360F86E2D}.Debug|x64.ActiveCfg = Debug|x64
		{A068AF1A-D483-4DBF-8D8A-F1E360F86E2D}.Debug|x64.Build.0 = Debug|x64
		{A068AF1A-D483-4DBF-8D8A-F1E360F86E2D}.Debug|x86.ActiveCfg = Debug|Win32
		{A068AF1A-D483-4DBF-8D8A-F1E360F86E2D}.Debug|x86.Build.0 = Debug|Win32
		{A068AF1A-D483-4DBF-8D8A-F1E360F86E2D}.Release|x64.ActiveCfg = Release|x64
		{A068AF1A-D483-4DBF-8D8A-F1E360F86E2D}.Release|x64.Build.0 = Release|x64
		{A068AF1A-D483-4DBF-8D8A-F1E360F86E2D}.Release|x86.ActiveCfg = Release|Win32
		{A068AF1A-D483-4DBF-8D8A-F1E360F86E2D}.Release|x86.Build.0 = Release|Win32
		{9AB293FE-2C2E-4FC2-98BB-D36E9D19FE74}.Debug|x64.ActiveCfg = Debug|x64
		{9AB293FE-2C2E-4FC2-98BB-D36E9D19FE74}.Debug|x64.Build.0 = Debug|x64
		{9AB293FE-2C2E-4FC2-98BB-D36E9D19FE74}.Debug|x86.ActiveCfg = Debug|Win32
		{9AB293FE-2C2E-4FC2-98BB-D36E9D19FE74}.Debug|x86.Build.0 = Debug|Win32
		{9AB293FE-2C2E-4FC2-98BB-D36E9D19FE74}.Release|x64.ActiveCfg = Release|x64
		{9AB293FE-2C2E-4FC2-98BB-D36E9D19FE74}.Release|x64.Build.0 = Release|x64
		{9AB293FE-2C2E-4FC2-98BB-D36E9D19FE74}.Release|x86.ActiveCfg = Release|Win32
		{9AB293FE-2C2E-4FC2-98BB-D36E9D19FE74}.Release|x86.Build.0 = Release|Win32
		{627834DC-9251-43BD-8AD6-28AA948636EC}.Debug|x64.ActiveCfg = Debug|x64
		{627834DC-9251-43BD-8AD6-28AA948636EC}.Debug|x64.Build.0 = Debug|x64
		{627834DC-9251-43BD-8AD6-28AA948636EC}.Debug|x86.ActiveCfg = Debug|Win32
		{627834DC-9251-43BD-8AD6-28AA948636EC}.Debug|x86.Build.0 = Debug|Win32
		{627834DC-9251-43BD-8AD6-28AA948636EC}.Release|x64.ActiveCfg = Release|x64
		{627834DC-9251-43BD-8AD6-28AA948636EC}.Release|x64.Build.0 = Release|x64
		{627834DC-9251-43BD-8AD6-28AA948636EC}.Release|x86.ActiveCfg = Release|Win32
		{627834DC-9251-43BD-8AD6-28AA948636EC}.Release|x86.Build.0 = Release|Win32
		{22FB7060-AC48-4FE0-A429-10A97B1D8B2A}.Debug|x64.ActiveCfg = Debug|x64
		{22FB7060-AC48-4FE0-A429-10A97B1D8B2A}.Debug|x64.Build.0 = Debug|x64
		{22FB7060-AC48-4FE0-A429-10A97B1D8B2A}.Debug|x86.ActiveCfg = Debug|Win32
		{22FB7060-AC48-4FE0-A429-10A97B1D8B2A}.Debug|x86.Build.0 = Debug|Win32
		{22FB7060-AC48-4FE0-A429-10A97B1D8B2A}.Release|x64.ActiveCfg = Release|x64
		{22FB7060-AC48-4FE0-A429-10A97B1D8B2A}.Release|x64.Build.0 = Release|x64
		{22FB7060-AC48-4FE0-A429-10A97B1D8B2A}.Release|x86.ActiveCfg = Release|Win32
		{22FB7060-AC48-4FE0-A429-10A97B1D8B2A}.Release|x86.Build.0 = Release|Win32
		{F7DC5A01-A55D-4C1C-875C-2F9FFA5F3DEF}.Debug|x64.ActiveCfg = Debug|x64
		{F7DC5A01-A55D-4C1C-875C-2F9FFA5F3DEF}.Debug|x64.Build.0 = Debug|x64
		{F7DC5A01-A55D-4C1C-875C-2F9FFA5F3DEF}.Debug|x86.ActiveCfg = Debug|Win32
		{F7DC5A01-A55D-4C1C-875C-2F9FFA5F3DEF}.Debug|x86.Build.0 = Debug|Win32
		{F7DC5A01-A55D-4C1C-875C-2F9FFA5F3DEF}.Release|x64.ActiveCfg = Release|x64
		{F7DC5A01-A55D-4C1C-875C-2F9FFA5F3DEF}.Release|x64.Build.0 = Release|x64
		{F7DC5A01-A55D-4C1C-875C-2F9FFA5F3DEF}.Release|x86.ActiveCfg = Release|Win32
		{F7DC5A01-A55D-4C1C-875C-2F9FFA5F3DEF}.Release|x86.Build.0 = Release|Win32
		{8D46D4ED-00A4-4555-94E4-AC8F03D0C22C}.Debug|x64.ActiveCfg = Debug|x64
		{8D46D4ED-00A4-4555-94E4-AC8F03D0C22C}.Debug|x64.Build.0 = Debug|x64
		{8D46D4ED-00A4-4555-94E4-AC8F03D0C22C}.Debug|x86.ActiveCfg = Debug|Win32
		{8D46D4ED-00A4-4555-94E4-AC8F03D0C22C}.Debug|x86.Build.0 = Debug|Win32
		{8D46D4ED-00A4-4555-94E4-AC8F03D0C22C}.Release|x64.ActiveCfg = Release|x64
		{8D46D4ED-00A4-4555-94E4-AC8F03D0C22C}.Release|x64.Build.0 = Release|x64
		{8D46D4ED-00A4-4555-94E4-AC8F03D0C22C}.Release|x86.ActiveCfg = Release|Win32
		{8D46D4ED-00A4-4555-94E4-AC8F03D0C22C}.Release|x86.Build.0 = Release|Win32
		{78E46816-9F2B-4B2B-A41F-4023595C5375}.Debug|x64.ActiveCfg = Debug|x64
		{78E46816-9F2B-4B2B-A41F-4023595C5375}.Debug|x64.Build.0 = Debug|x64
		{78E46816-9F2B-4B2B-A41F-4023595C5375}.Debug|x86.ActiveCfg = Debug|Win32
		{78E46816-9F2B-4B2B-A41F-4023595C5375}.Debug|x86.Build.0 = Debug|Win32
		{78E46816-9F2B-4B2B-A41F-4023595C5375}.Release|x64.ActiveCfg = Release|x64
		{78E46816-9F2B-4B2B-A41F-4023595C5375}.Release|x64.Build.0 = Release|x64
		{78E46816-9F2B-4B2B-A41F-4023595C5375}.Release|x86.ActiveCfg = Release|Win32
		{78E46816-9F2B-4B2B-A41F-4023595C5375}.Release|x86.Build.0 = Release|Win32
		{B5423B7D-4E2D-4406-AFC7-B16C82CA6623}.Debug|x64.ActiveCfg = Debug|x64
		{B5423B7D-4E2D-4406-AFC7-B16C82CA6623}.Debug|x64.Build.0 = Debug|x64
		{B5423B7D-4E2D-4406-AFC7-B16C82CA6623}.Debug|x86.ActiveCfg = Debug|Win32
		{B5423B7D-4E2D-4406-AFC7-B16C82CA6623}.Debug|x86.Build.0 = Debug|Win32
		{B5423B7D-4E2D-4406-AFC7-B16C82CA6623}.Release|x64.ActiveCfg = Release|x64
		{B5423B7D-4E2D-4406-AFC7-B16C82CA6623}.Release|x64.Build.0 = Release|x64
		{B5423B7D-4E2D-4406-AFC7-B16C82CA6623}.Release|x86.ActiveCfg = Release|Win32
		{B5423B7D-4E2D-4406-AFC7-B16C82CA6623}.Release|x86.Build.0 = Release|Win32
	EndGlobalSection
	GlobalSection(SolutionProperties) = preSolution
		HideSolutionNode = FALSE
	EndGlobalSection
	GlobalSection(ExtensibilityGlobals) = postSolution
		SolutionGuid = {7CFB04BE-E479-43CF-9616-E5F4FEA556BD}
	EndGlobalSection
EndGlobal
